<?xml version="1.0" encoding="utf-8"?><WorkWithAttributesConfig xmlns:xsi="http://www.w3.org/2001/XMLSchema-instance" xmlns:xsd="http://www.w3.org/2001/XMLSchema"><Pattern /><Type>*ALL</Type><ShowAll>false</ShowAll><TypeObject /><Object /><Module /><ShowMore>true</ShowMore><ColumnNameSize>485</ColumnNameSize><ColumnTypeSize>485</ColumnTypeSize><ColumnModuleSize>0</ColumnModuleSize><ColumnDescriptionSize>486</ColumnDescriptionSize><FormWidth>0</FormWidth><FormHeigth>0</FormHeigth></WorkWithAttributesConfig>